
Microsoft Visual Studio Solution File, Format Version 12.00
# Visual Studio Version 16
VisualStudioVersion = 16.0.30011.22
MinimumVisualStudioVersion = 10.0.40219.1
Project("{8BC9CEB8-8B4A-11D0-8D11-00A0C91BC942}") = "InLab03_Thomson", "InLab03_Thomson\InLab03_Thomson.vcxproj", "{AB07EB76-9013-4170-8DCC-B0640A4A7D58}"
EndProject
Global
	GlobalSection(SolutionConfigurationPlatforms) = preSolution
		Debug|x64 = Debug|x64
		Debug|x86 = Debug|x86
		Release|x64 = Release|x64
		Release|x86 = Release|x86
	EndGlobalSection
	GlobalSection(ProjectConfigurationPlatforms) = postSolution
		{AB07EB76-9013-4170-8DCC-B0640A4A7D58}.Debug|x64.ActiveCfg = Debug|x64
		{AB07EB76-9013-4170-8DCC-B0640A4A7D58}.Debug|x64.Build.0 = Debug|x64
		{AB07EB76-9013-4170-8DCC-B0640A4A7D58}.Debug|x86.ActiveCfg = Debug|Win32
		{AB07EB76-9013-4170-8DCC-B0640A4A7D58}.Debug|x86.Build.0 = Debug|Win32
		{AB07EB76-9013-4170-8DCC-B0640A4A7D58}.Release|x64.ActiveCfg = Release|x64
		{AB07EB76-9013-4170-8DCC-B0640A4A7D58}.Release|x64.Build.0 = Release|x64
		{AB07EB76-9013-4170-8DCC-B0640A4A7D58}.Release|x86.ActiveCfg = Release|Win32
		{AB07EB76-9013-4170-8DCC-B0640A4A7D58}.Release|x86.Build.0 = Release|Win32
	EndGlobalSection
	GlobalSection(SolutionProperties) = preSolution
		HideSolutionNode = FALSE
	EndGlobalSection
	GlobalSection(ExtensibilityGlobals) = postSolution
		SolutionGuid = {AD10698C-C573-4FDF-9B8B-0517C2CF030C}
	EndGlobalSection
EndGlobal
